
Microsoft Visual Studio Solution File, Format Version 12.00
# Visual Studio Version 17
VisualStudioVersion = 17.13.35507.96 d17.13
MinimumVisualStudioVersion = 10.0.40219.1
Project("{FAE04EC0-301F-11D3-BF4B-00C04F79EFBC}") = "buoi6", "buoi6\buoi6.csproj", "{ED185C4E-9E55-419F-9DB7-63F766E1FF7B}"
EndProject
Global
	GlobalSection(SolutionConfigurationPlatforms) = preSolution
		Debug|Any CPU = Debug|Any CPU
		Release|Any CPU = Release|Any CPU
	EndGlobalSection
	GlobalSection(ProjectConfigurationPlatforms) = postSolution
		{ED185C4E-9E55-419F-9DB7-63F766E1FF7B}.Debug|Any CPU.ActiveCfg = Debug|Any CPU
		{ED185C4E-9E55-419F-9DB7-63F766E1FF7B}.Debug|Any CPU.Build.0 = Debug|Any CPU
		{ED185C4E-9E55-419F-9DB7-63F766E1FF7B}.Release|Any CPU.ActiveCfg = Release|Any CPU
		{ED185C4E-9E55-419F-9DB7-63F766E1FF7B}.Release|Any CPU.Build.0 = Release|Any CPU
	EndGlobalSection
	GlobalSection(SolutionProperties) = preSolution
		HideSolutionNode = FALSE
	EndGlobalSection
	GlobalSection(ExtensibilityGlobals) = postSolution
		SolutionGuid = {2C387FA7-94D0-4B90-9DCB-665F2AF16E16}
	EndGlobalSection
EndGlobal
