
Microsoft Visual Studio Solution File, Format Version 12.00
# Visual Studio Version 17
VisualStudioVersion = 17.12.35514.174
MinimumVisualStudioVersion = 10.0.40219.1
Project("{FAE04EC0-301F-11D3-BF4B-00C04F79EFBC}") = "btbuoi4", "lab-03\btbuoi4.csproj", "{3926A853-16D2-4FB8-93E5-64D59546CCDC}"
EndProject
Global
	GlobalSection(SolutionConfigurationPlatforms) = preSolution
		Debug|Any CPU = Debug|Any CPU
		Release|Any CPU = Release|Any CPU
	EndGlobalSection
	GlobalSection(ProjectConfigurationPlatforms) = postSolution
		{3926A853-16D2-4FB8-93E5-64D59546CCDC}.Debug|Any CPU.ActiveCfg = Debug|Any CPU
		{3926A853-16D2-4FB8-93E5-64D59546CCDC}.Debug|Any CPU.Build.0 = Debug|Any CPU
		{3926A853-16D2-4FB8-93E5-64D59546CCDC}.Release|Any CPU.ActiveCfg = Release|Any CPU
		{3926A853-16D2-4FB8-93E5-64D59546CCDC}.Release|Any CPU.Build.0 = Release|Any CPU
	EndGlobalSection
	GlobalSection(SolutionProperties) = preSolution
		HideSolutionNode = FALSE
	EndGlobalSection
	GlobalSection(ExtensibilityGlobals) = postSolution
		SolutionGuid = {F42B5AEB-0066-460C-AE67-CCF809918AEE}
	EndGlobalSection
EndGlobal
